
Microsoft Visual Studio Solution File, Format Version 12.00
# Visual Studio 14
VisualStudioVersion = 14.0.25420.1
MinimumVisualStudioVersion = 10.0.40219.1
Project("{FAE04EC0-301F-11D3-BF4B-00C04F79EFBC}") = "MachinaAurum.Collections.SqlServer", "MachinaAurum.Collections.SqlServer\MachinaAurum.Collections.SqlServer.csproj", "{D56DE643-4549-4935-B7BE-8F32DEADD540}"
EndProject
Project("{FAE04EC0-301F-11D3-BF4B-00C04F79EFBC}") = "MachinaAurum.Collections.SqlServer.Tests", "MachinaAurum.Collections.SqlServer.Tests\MachinaAurum.Collections.SqlServer.Tests.csproj", "{1B14BA5A-AC64-45F8-839B-1D023C0E12AA}"
EndProject
Project("{FAE04EC0-301F-11D3-BF4B-00C04F79EFBC}") = "SqlDictionaryTest", "SqlDictionaryTest\SqlDictionaryTest.csproj", "{15A08B09-02E9-4BCC-9FBA-901726FD554D}"
EndProject
Project("{FAE04EC0-301F-11D3-BF4B-00C04F79EFBC}") = "SqlQueueTest", "SqlQueueTest\SqlQueueTest.csproj", "{9D5D4E41-EED6-402C-8C15-E9097106352E}"
EndProject
Project("{FAE04EC0-301F-11D3-BF4B-00C04F79EFBC}") = "SqlSetTest", "SqlSetTest\SqlSetTest.csproj", "{7071E968-3B20-4398-B0EE-DAB2EF79D341}"
EndProject
Global
	GlobalSection(SolutionConfigurationPlatforms) = preSolution
		Debug|Any CPU = Debug|Any CPU
		Release|Any CPU = Release|Any CPU
	EndGlobalSection
	GlobalSection(ProjectConfigurationPlatforms) = postSolution
		{D56DE643-4549-4935-B7BE-8F32DEADD540}.Debug|Any CPU.ActiveCfg = Debug|Any CPU
		{D56DE643-4549-4935-B7BE-8F32DEADD540}.Debug|Any CPU.Build.0 = Debug|Any CPU
		{D56DE643-4549-4935-B7BE-8F32DEADD540}.Release|Any CPU.ActiveCfg = Release|Any CPU
		{D56DE643-4549-4935-B7BE-8F32DEADD540}.Release|Any CPU.Build.0 = Release|Any CPU
		{1B14BA5A-AC64-45F8-839B-1D023C0E12AA}.Debug|Any CPU.ActiveCfg = Debug|Any CPU
		{1B14BA5A-AC64-45F8-839B-1D023C0E12AA}.Debug|Any CPU.Build.0 = Debug|Any CPU
		{1B14BA5A-AC64-45F8-839B-1D023C0E12AA}.Release|Any CPU.ActiveCfg = Release|Any CPU
		{1B14BA5A-AC64-45F8-839B-1D023C0E12AA}.Release|Any CPU.Build.0 = Release|Any CPU
		{15A08B09-02E9-4BCC-9FBA-901726FD554D}.Debug|Any CPU.ActiveCfg = Debug|Any CPU
		{15A08B09-02E9-4BCC-9FBA-901726FD554D}.Debug|Any CPU.Build.0 = Debug|Any CPU
		{15A08B09-02E9-4BCC-9FBA-901726FD554D}.Release|Any CPU.ActiveCfg = Release|Any CPU
		{15A08B09-02E9-4BCC-9FBA-901726FD554D}.Release|Any CPU.Build.0 = Release|Any CPU
		{9D5D4E41-EED6-402C-8C15-E9097106352E}.Debug|Any CPU.ActiveCfg = Debug|Any CPU
		{9D5D4E41-EED6-402C-8C15-E9097106352E}.Debug|Any CPU.Build.0 = Debug|Any CPU
		{9D5D4E41-EED6-402C-8C15-E9097106352E}.Release|Any CPU.ActiveCfg = Release|Any CPU
		{9D5D4E41-EED6-402C-8C15-E9097106352E}.Release|Any CPU.Build.0 = Release|Any CPU
		{7071E968-3B20-4398-B0EE-DAB2EF79D341}.Debug|Any CPU.ActiveCfg = Debug|Any CPU
		{7071E968-3B20-4398-B0EE-DAB2EF79D341}.Debug|Any CPU.Build.0 = Debug|Any CPU
		{7071E968-3B20-4398-B0EE-DAB2EF79D341}.Release|Any CPU.ActiveCfg = Release|Any CPU
		{7071E968-3B20-4398-B0EE-DAB2EF79D341}.Release|Any CPU.Build.0 = Release|Any CPU
	EndGlobalSection
	GlobalSection(SolutionProperties) = preSolution
		HideSolutionNode = FALSE
	EndGlobalSection
EndGlobal
